
Microsoft Visual Studio Solution File, Format Version 12.00
# Visual Studio Version 16
VisualStudioVersion = 16.0.29728.190
MinimumVisualStudioVersion = 10.0.40219.1
Project("{FAE04EC0-301F-11D3-BF4B-00C04F79EFBC}") = "Builder", "Builder\Builder.csproj", "{0CD5892B-9855-40FA-8CBD-49DD02A74D28}"
EndProject
Global
	GlobalSection(SolutionConfigurationPlatforms) = preSolution
		Debug|Any CPU = Debug|Any CPU
		Release|Any CPU = Release|Any CPU
	EndGlobalSection
	GlobalSection(ProjectConfigurationPlatforms) = postSolution
		{0CD5892B-9855-40FA-8CBD-49DD02A74D28}.Debug|Any CPU.ActiveCfg = Debug|Any CPU
		{0CD5892B-9855-40FA-8CBD-49DD02A74D28}.Debug|Any CPU.Build.0 = Debug|Any CPU
		{0CD5892B-9855-40FA-8CBD-49DD02A74D28}.Release|Any CPU.ActiveCfg = Release|Any CPU
		{0CD5892B-9855-40FA-8CBD-49DD02A74D28}.Release|Any CPU.Build.0 = Release|Any CPU
	EndGlobalSection
	GlobalSection(SolutionProperties) = preSolution
		HideSolutionNode = FALSE
	EndGlobalSection
	GlobalSection(ExtensibilityGlobals) = postSolution
		SolutionGuid = {2AC8426A-4F24-4065-9E18-1168175DC997}
	EndGlobalSection
EndGlobal
